
Microsoft Visual Studio Solution File, Format Version 12.00
# Visual Studio Version 17
VisualStudioVersion = 17.13.35617.110
MinimumVisualStudioVersion = 10.0.40219.1
Project("{2150E333-8FDC-42A3-9474-1A3956D46DE8}") = "Solution Items", "Solution Items", "{02EA681E-C7D8-13C7-8484-4AC65E1B71E8}"
	ProjectSection(SolutionItems) = preProject
		.gitignore = .gitignore
		LICENSE = LICENSE
		.github\workflows\publish-nuget.yml = .github\workflows\publish-nuget.yml
		README.md = README.md
	EndProjectSection
EndProject
Project("{FAE04EC0-301F-11D3-BF4B-00C04F79EFBC}") = "Scrutor.Extensions.HttpClient", "Scrutor.Extensions.HttpClient\Scrutor.Extensions.HttpClient.csproj", "{9BAB1F5C-57D9-CE14-2C82-0CFEB033CBE6}"
EndProject
Project("{2150E333-8FDC-42A3-9474-1A3956D46DE8}") = "build", "build", "{DEE5DD87-39C1-BF34-B639-A387DCCF972B}"
EndProject
Project("{FAE04EC0-301F-11D3-BF4B-00C04F79EFBC}") = "_build", "build\_build.csproj", "{517BC9BD-296E-4F6B-AE15-6999EC71A74A}"
EndProject
Project("{2150E333-8FDC-42A3-9474-1A3956D46DE8}") = "tests", "tests", "{0AB3BF05-4346-4AA6-1389-037BE0695223}"
EndProject
Project("{FAE04EC0-301F-11D3-BF4B-00C04F79EFBC}") = "Scrutor.Extensions.HttpClient.Specs", "tests\Scrutor.Extensions.HttpClient.Specs\Scrutor.Extensions.HttpClient.Specs.csproj", "{5366CD2A-4383-45F5-BDEE-2F5D4A07A280}"
EndProject
Global
	GlobalSection(SolutionConfigurationPlatforms) = preSolution
		Debug|Any CPU = Debug|Any CPU
		Debug|x64 = Debug|x64
		Debug|x86 = Debug|x86
		Release|Any CPU = Release|Any CPU
		Release|x64 = Release|x64
		Release|x86 = Release|x86
	EndGlobalSection
	GlobalSection(ProjectConfigurationPlatforms) = postSolution
		{9BAB1F5C-57D9-CE14-2C82-0CFEB033CBE6}.Debug|Any CPU.ActiveCfg = Debug|Any CPU
		{9BAB1F5C-57D9-CE14-2C82-0CFEB033CBE6}.Debug|Any CPU.Build.0 = Debug|Any CPU
		{9BAB1F5C-57D9-CE14-2C82-0CFEB033CBE6}.Debug|x64.ActiveCfg = Debug|Any CPU
		{9BAB1F5C-57D9-CE14-2C82-0CFEB033CBE6}.Debug|x64.Build.0 = Debug|Any CPU
		{9BAB1F5C-57D9-CE14-2C82-0CFEB033CBE6}.Debug|x86.ActiveCfg = Debug|Any CPU
		{9BAB1F5C-57D9-CE14-2C82-0CFEB033CBE6}.Debug|x86.Build.0 = Debug|Any CPU
		{9BAB1F5C-57D9-CE14-2C82-0CFEB033CBE6}.Release|Any CPU.ActiveCfg = Release|Any CPU
		{9BAB1F5C-57D9-CE14-2C82-0CFEB033CBE6}.Release|Any CPU.Build.0 = Release|Any CPU
		{9BAB1F5C-57D9-CE14-2C82-0CFEB033CBE6}.Release|x64.ActiveCfg = Release|Any CPU
		{9BAB1F5C-57D9-CE14-2C82-0CFEB033CBE6}.Release|x64.Build.0 = Release|Any CPU
		{9BAB1F5C-57D9-CE14-2C82-0CFEB033CBE6}.Release|x86.ActiveCfg = Release|Any CPU
		{9BAB1F5C-57D9-CE14-2C82-0CFEB033CBE6}.Release|x86.Build.0 = Release|Any CPU
		{517BC9BD-296E-4F6B-AE15-6999EC71A74A}.Debug|Any CPU.ActiveCfg = Debug|Any CPU
		{517BC9BD-296E-4F6B-AE15-6999EC71A74A}.Debug|Any CPU.Build.0 = Debug|Any CPU
		{517BC9BD-296E-4F6B-AE15-6999EC71A74A}.Debug|x64.ActiveCfg = Debug|Any CPU
		{517BC9BD-296E-4F6B-AE15-6999EC71A74A}.Debug|x64.Build.0 = Debug|Any CPU
		{517BC9BD-296E-4F6B-AE15-6999EC71A74A}.Debug|x86.ActiveCfg = Debug|Any CPU
		{517BC9BD-296E-4F6B-AE15-6999EC71A74A}.Debug|x86.Build.0 = Debug|Any CPU
		{517BC9BD-296E-4F6B-AE15-6999EC71A74A}.Release|Any CPU.ActiveCfg = Release|Any CPU
		{517BC9BD-296E-4F6B-AE15-6999EC71A74A}.Release|Any CPU.Build.0 = Release|Any CPU
		{517BC9BD-296E-4F6B-AE15-6999EC71A74A}.Release|x64.ActiveCfg = Release|Any CPU
		{517BC9BD-296E-4F6B-AE15-6999EC71A74A}.Release|x64.Build.0 = Release|Any CPU
		{517BC9BD-296E-4F6B-AE15-6999EC71A74A}.Release|x86.ActiveCfg = Release|Any CPU
		{517BC9BD-296E-4F6B-AE15-6999EC71A74A}.Release|x86.Build.0 = Release|Any CPU
		{5366CD2A-4383-45F5-BDEE-2F5D4A07A280}.Debug|Any CPU.ActiveCfg = Debug|Any CPU
		{5366CD2A-4383-45F5-BDEE-2F5D4A07A280}.Debug|Any CPU.Build.0 = Debug|Any CPU
		{5366CD2A-4383-45F5-BDEE-2F5D4A07A280}.Debug|x64.ActiveCfg = Debug|Any CPU
		{5366CD2A-4383-45F5-BDEE-2F5D4A07A280}.Debug|x64.Build.0 = Debug|Any CPU
		{5366CD2A-4383-45F5-BDEE-2F5D4A07A280}.Debug|x86.ActiveCfg = Debug|Any CPU
		{5366CD2A-4383-45F5-BDEE-2F5D4A07A280}.Debug|x86.Build.0 = Debug|Any CPU
		{5366CD2A-4383-45F5-BDEE-2F5D4A07A280}.Release|Any CPU.ActiveCfg = Release|Any CPU
		{5366CD2A-4383-45F5-BDEE-2F5D4A07A280}.Release|Any CPU.Build.0 = Release|Any CPU
		{5366CD2A-4383-45F5-BDEE-2F5D4A07A280}.Release|x64.ActiveCfg = Release|Any CPU
		{5366CD2A-4383-45F5-BDEE-2F5D4A07A280}.Release|x64.Build.0 = Release|Any CPU
		{5366CD2A-4383-45F5-BDEE-2F5D4A07A280}.Release|x86.ActiveCfg = Release|Any CPU
		{5366CD2A-4383-45F5-BDEE-2F5D4A07A280}.Release|x86.Build.0 = Release|Any CPU
	EndGlobalSection
	GlobalSection(SolutionProperties) = preSolution
		HideSolutionNode = FALSE
	EndGlobalSection
	GlobalSection(NestedProjects) = preSolution
		{517BC9BD-296E-4F6B-AE15-6999EC71A74A} = {DEE5DD87-39C1-BF34-B639-A387DCCF972B}
		{5366CD2A-4383-45F5-BDEE-2F5D4A07A280} = {0AB3BF05-4346-4AA6-1389-037BE0695223}
	EndGlobalSection
	GlobalSection(ExtensibilityGlobals) = postSolution
		SolutionGuid = {D2B49AAE-7B4F-4F57-8FF4-0759FE6E73BA}
	EndGlobalSection
EndGlobal
